
Microsoft Visual Studio Solution File, Format Version 12.00
# Visual Studio Version 16
VisualStudioVersion = 16.0.29324.140
MinimumVisualStudioVersion = 10.0.40219.1
Project("{FAE04EC0-301F-11D3-BF4B-00C04F79EFBC}") = "RestaurantServiceProvider", "RestaurantServiceProvider\RestaurantServiceProvider.csproj", "{08D35738-C342-4F85-A5E8-615E1AD46D51}"
EndProject
Global
	GlobalSection(SolutionConfigurationPlatforms) = preSolution
		Debug|Any CPU = Debug|Any CPU
		Release|Any CPU = Release|Any CPU
	EndGlobalSection
	GlobalSection(ProjectConfigurationPlatforms) = postSolution
		{08D35738-C342-4F85-A5E8-615E1AD46D51}.Debug|Any CPU.ActiveCfg = Debug|Any CPU
		{08D35738-C342-4F85-A5E8-615E1AD46D51}.Debug|Any CPU.Build.0 = Debug|Any CPU
		{08D35738-C342-4F85-A5E8-615E1AD46D51}.Release|Any CPU.ActiveCfg = Release|Any CPU
		{08D35738-C342-4F85-A5E8-615E1AD46D51}.Release|Any CPU.Build.0 = Release|Any CPU
	EndGlobalSection
	GlobalSection(SolutionProperties) = preSolution
		HideSolutionNode = FALSE
	EndGlobalSection
	GlobalSection(ExtensibilityGlobals) = postSolution
		SolutionGuid = {F131D8BB-6C28-4F91-9E32-027A86722698}
	EndGlobalSection
EndGlobal
